PODS:
  - CJMRotationPicture (1.0.5)

DEPENDENCIES:
  - CJMRotationPicture

SPEC REPOS:
  https://github.com/CocoaPods/Specs.git:
    - CJMRotationPicture

SPEC CHECKSUMS:
  CJMRotationPicture: f80f74e032daadaaba2ca9662a0c982e0188f713

PODFILE CHECKSUM: bee93d4d6f51f31b82156ac12f0823c20054de45

COCOAPODS: 1.5.0
