PODS:
  - CJMRotationPicture (1.0.4)

DEPENDENCIES:
  - CJMRotationPicture

SPEC REPOS:
  https://github.com/CocoaPods/Specs.git:
    - CJMRotationPicture

SPEC CHECKSUMS:
  CJMRotationPicture: 9e57e933ed14c63e4b8bd46d979d67ba09414926

PODFILE CHECKSUM: bee93d4d6f51f31b82156ac12f0823c20054de45

COCOAPODS: 1.5.0
